{
  "requires": true,
  "lockfileVersion": 1,
  "dependencies": {
    "hexo-generator-archive": {
      "version": "0.1.5",
      "resolved": "http://registry.npm.taobao.org/hexo-generator-archive/download/hexo-generator-archive-0.1.5.tgz",
      "integrity": "sha1-qXkhTN3e4mk+BVGAnClL7a27abM=",
      "requires": {
        "hexo-pagination": "0.0.2",
        "object-assign": "^2.0.0"
      }
    },
    "hexo-pagination": {
      "version": "0.0.2",
      "resolved": "http://registry.npm.taobao.org/hexo-pagination/download/hexo-pagination-0.0.2.tgz",
      "integrity": "sha1-jPRwx9sN5bGKOSanbesZQBXffys=",
      "requires": {
        "utils-merge": "^1.0.0"
      }
    },
    "object-assign": {
      "version": "2.1.1",
      "resolved": "http://registry.npm.taobao.org/object-assign/download/object-assign-2.1.1.tgz",
      "integrity": "sha1-Q8NuXVaf+OSBbE76i+AtJpZ8GKo="
    },
    "utils-merge": {
      "version": "1.0.1",
      "resolved": "http://registry.npm.taobao.org/utils-merge/download/utils-merge-1.0.1.tgz",
      "integrity": "sha1-n5VxD1CiZ5R7LMwSR0HBAoQn5xM="
    }
  }
}
